
Microsoft Visual Studio Solution File, Format Version 12.00
# Visual Studio 2013
VisualStudioVersion = 12.0.21005.1
MinimumVisualStudioVersion = 10.0.40219.1
Project("{FAE04EC0-301F-11D3-BF4B-00C04F79EFBC}") = "SearchFIFASales", "SearchFIFASales\SearchFIFASales.csproj", "{87EFACB9-C4DD-4555-AC4B-2ED935448A92}"
EndProject
Project("{FAE04EC0-301F-11D3-BF4B-00C04F79EFBC}") = "Update", "Update\Update.csproj", "{A4F9AB79-E3B4-4688-82EB-18BDCBF4D99F}"
EndProject
Project("{FAE04EC0-301F-11D3-BF4B-00C04F79EFBC}") = "Module", "Module\Module.csproj", "{135FAA07-D86C-43F6-8E1E-7B23B08D58BD}"
EndProject
Project("{2150E333-8FDC-42A3-9474-1A3956D46DE8}") = "Images", "Images", "{AF31F434-5D55-437F-8126-3216C5DF4B1C}"
	ProjectSection(SolutionItems) = preProject
		Images\모바일_메인화면.png = Images\모바일_메인화면.png
		Images\모바일_상점.png = Images\모바일_상점.png
		Images\모바일_상점_구매수.png = Images\모바일_상점_구매수.png
		Images\모바일_상점_구입완료.png = Images\모바일_상점_구입완료.png
		Images\모바일_상점_구입하기.png = Images\모바일_상점_구입하기.png
		Images\모바일_상점_이용권.png = Images\모바일_상점_이용권.png
		Images\모바일_선수영입.png = Images\모바일_선수영입.png
		Images\모바일_선수영입_공간필요.png = Images\모바일_선수영입_공간필요.png
		Images\모바일_선수영입_이용권소진.png = Images\모바일_선수영입_이용권소진.png
		Images\모바일_선수영입_프리미엄선수.png = Images\모바일_선수영입_프리미엄선수.png
		Images\모바일_이적시장.png = Images\모바일_이적시장.png
		Images\모바일_이적시장_등록초과.png = Images\모바일_이적시장_등록초과.png
		Images\모바일_이적시장_모두받기.png = Images\모바일_이적시장_모두받기.png
		Images\모바일_이적시장_모두받기_받기.png = Images\모바일_이적시장_모두받기_받기.png
		Images\모바일_이적시장_판매.png = Images\모바일_이적시장_판매.png
		Images\모바일_이적시장_판매대기.png = Images\모바일_이적시장_판매대기.png
		Images\모바일_이적시장_판매등록.png = Images\모바일_이적시장_판매등록.png
		Images\모바일_트레이드.png = Images\모바일_트레이드.png
		Images\모바일_트레이드_계속진행.png = Images\모바일_트레이드_계속진행.png
		Images\모바일_트레이드_선수트레이드.png = Images\모바일_트레이드_선수트레이드.png
		Images\모바일_트레이드_재협상.png = Images\모바일_트레이드_재협상.png
		Images\모바일_트레이드_트레이드결과.png = Images\모바일_트레이드_트레이드결과.png
		Images\모바일_트레이드_트레이드실행.png = Images\모바일_트레이드_트레이드실행.png
		Images\모바일_트레이드_확인하기.png = Images\모바일_트레이드_확인하기.png
	EndProjectSection
EndProject
Global
	GlobalSection(SolutionConfigurationPlatforms) = preSolution
		Debug|Any CPU = Debug|Any CPU
		Release|Any CPU = Release|Any CPU
	EndGlobalSection
	GlobalSection(ProjectConfigurationPlatforms) = postSolution
		{87EFACB9-C4DD-4555-AC4B-2ED935448A92}.Debug|Any CPU.ActiveCfg = Debug|Any CPU
		{87EFACB9-C4DD-4555-AC4B-2ED935448A92}.Debug|Any CPU.Build.0 = Debug|Any CPU
		{87EFACB9-C4DD-4555-AC4B-2ED935448A92}.Release|Any CPU.ActiveCfg = Release|Any CPU
		{87EFACB9-C4DD-4555-AC4B-2ED935448A92}.Release|Any CPU.Build.0 = Release|Any CPU
		{A4F9AB79-E3B4-4688-82EB-18BDCBF4D99F}.Debug|Any CPU.ActiveCfg = Debug|Any CPU
		{A4F9AB79-E3B4-4688-82EB-18BDCBF4D99F}.Debug|Any CPU.Build.0 = Debug|Any CPU
		{A4F9AB79-E3B4-4688-82EB-18BDCBF4D99F}.Release|Any CPU.ActiveCfg = Release|Any CPU
		{A4F9AB79-E3B4-4688-82EB-18BDCBF4D99F}.Release|Any CPU.Build.0 = Release|Any CPU
		{135FAA07-D86C-43F6-8E1E-7B23B08D58BD}.Debug|Any CPU.ActiveCfg = Debug|Any CPU
		{135FAA07-D86C-43F6-8E1E-7B23B08D58BD}.Debug|Any CPU.Build.0 = Debug|Any CPU
		{135FAA07-D86C-43F6-8E1E-7B23B08D58BD}.Release|Any CPU.ActiveCfg = Release|Any CPU
		{135FAA07-D86C-43F6-8E1E-7B23B08D58BD}.Release|Any CPU.Build.0 = Release|Any CPU
	EndGlobalSection
	GlobalSection(SolutionProperties) = preSolution
		HideSolutionNode = FALSE
	EndGlobalSection
EndGlobal
